schema: '2.0'
stages:
  unpack_to_raw:
    cmd: python build/unpack_to_raw.py --input_dir ./data/raw --bucket_name raw --output_file_name
      combined_raw.csv
    deps:
    - path: build/unpack_to_raw.py
      hash: md5
      md5: 95831d99e9ccd37034d7ad85214ba48d
      size: 5668
  preprocess_to_staging:
    cmd: python src/preprocess_to_staging.py --bucket_raw raw --input_file combined_raw.csv
      --db_host 127.0.0.1 --db_user root --db_password root --db_name staging
    deps:
    - path: src/preprocess_to_staging.py
      hash: md5
      md5: 1067fd0133e271608218245d5e2b16fd
      size: 6285
  process_to_curated:
    cmd: python src/process_to_curated.py --db_host 127.0.0.1 --db_user root --db_password
      root --db_name staging --mongo_host localhost --mongo_port 27017
    deps:
    - path: src/process_to_curated.py
      hash: md5
      md5: 72891ea3cd3eea790375ed29d645001b
      size: 9076
